
Microsoft Visual Studio Solution File, Format Version 12.00
# Visual Studio Version 16
VisualStudioVersion = 16.0.31424.327
MinimumVisualStudioVersion = 10.0.40219.1
Project("{FAE04EC0-301F-11D3-BF4B-00C04F79EFBC}") = "MudDude1", "MudDude1\MudDude1.csproj", "{927D6542-D547-49AF-BE35-E66DB919D004}"
EndProject
Project("{FAE04EC0-301F-11D3-BF4B-00C04F79EFBC}") = "MidlandSocketServer", "..\..\..\Documents\source\repos\tcpClassServer\MidlandSocketServer\MidlandSocketServer.csproj", "{D1F79DAE-B847-41B0-9819-E478AD63DB97}"
EndProject
Global
	GlobalSection(SolutionConfigurationPlatforms) = preSolution
		Debug|Any CPU = Debug|Any CPU
		Release|Any CPU = Release|Any CPU
	EndGlobalSection
	GlobalSection(ProjectConfigurationPlatforms) = postSolution
		{927D6542-D547-49AF-BE35-E66DB919D004}.Debug|Any CPU.ActiveCfg = Debug|Any CPU
		{927D6542-D547-49AF-BE35-E66DB919D004}.Debug|Any CPU.Build.0 = Debug|Any CPU
		{927D6542-D547-49AF-BE35-E66DB919D004}.Release|Any CPU.ActiveCfg = Release|Any CPU
		{927D6542-D547-49AF-BE35-E66DB919D004}.Release|Any CPU.Build.0 = Release|Any CPU
		{D1F79DAE-B847-41B0-9819-E478AD63DB97}.Debug|Any CPU.ActiveCfg = Debug|Any CPU
		{D1F79DAE-B847-41B0-9819-E478AD63DB97}.Debug|Any CPU.Build.0 = Debug|Any CPU
		{D1F79DAE-B847-41B0-9819-E478AD63DB97}.Release|Any CPU.ActiveCfg = Release|Any CPU
		{D1F79DAE-B847-41B0-9819-E478AD63DB97}.Release|Any CPU.Build.0 = Release|Any CPU
	EndGlobalSection
	GlobalSection(SolutionProperties) = preSolution
		HideSolutionNode = FALSE
	EndGlobalSection
	GlobalSection(ExtensibilityGlobals) = postSolution
		SolutionGuid = {7B6B5A06-0D67-4C21-8539-BC1E45177D05}
	EndGlobalSection
EndGlobal
